// !$*UTF8*$!
{
	archiveVersion = 1;
	classes = {
	};
	objectVersion = 56;
	objects = {

/* Begin PBXBuildFile section */
		A28185E92A9EE8C1007ACE71 /* Movie+CoreDataClass.swift in Sources */ = {isa = PBXBuildFile; fileRef = A28185E72A9EE8C1007ACE71 /* Movie+CoreDataClass.swift */; };
		A28185EA2A9EE8C1007ACE71 /* Movie+CoreDataProperties.swift in Sources */ = {isa = PBXBuildFile; fileRef = A28185E82A9EE8C1007ACE71 /* Movie+CoreDataProperties.swift */; };
		A28AF53F2A9E964D00D55BC6 /* CoreDataProjectApp.swift in Sources */ = {isa = PBXBuildFile; fileRef = A28AF53E2A9E964D00D55BC6 /* CoreDataProjectApp.swift */; };
		A28AF5412A9E964D00D55BC6 /* ContentView.swift in Sources */ = {isa = PBXBuildFile; fileRef = A28AF5402A9E964D00D55BC6 /* ContentView.swift */; };
		A28AF5432A9E964E00D55BC6 /* Assets.xcassets in Resources */ = {isa = PBXBuildFile; fileRef = A28AF5422A9E964E00D55BC6 /* Assets.xcassets */; };
		A28AF5462A9E964E00D55BC6 /* Preview Assets.xcassets in Resources */ = {isa = PBXBuildFile; fileRef = A28AF5452A9E964E00D55BC6 /* Preview Assets.xcassets */; };
		A28AF54D2A9E975B00D55BC6 /* DataController.swift in Sources */ = {isa = PBXBuildFile; fileRef = A28AF54C2A9E975B00D55BC6 /* DataController.swift */; };
		A28AF5502A9E979800D55BC6 /* CoreDataProject.xcdatamodeld in Sources */ = {isa = PBXBuildFile; fileRef = A28AF54E2A9E979800D55BC6 /* CoreDataProject.xcdatamodeld */; };
		A2BF2E082AA0EF4B00526224 /* Singer+CoreDataClass.swift in Sources */ = {isa = PBXBuildFile; fileRef = A2BF2E062AA0EF4B00526224 /* Singer+CoreDataClass.swift */; };
		A2BF2E092AA0EF4B00526224 /* Singer+CoreDataProperties.swift in Sources */ = {isa = PBXBuildFile; fileRef = A2BF2E072AA0EF4B00526224 /* Singer+CoreDataProperties.swift */; };
		A2BF2E0B2AA0F23000526224 /* FilteredList.swift in Sources */ = {isa = PBXBuildFile; fileRef = A2BF2E0A2AA0F23000526224 /* FilteredList.swift */; };
		A2BF2E102AA1573E00526224 /* Country+CoreDataClass.swift in Sources */ = {isa = PBXBuildFile; fileRef = A2BF2E0C2AA1573E00526224 /* Country+CoreDataClass.swift */; };
		A2BF2E112AA1573E00526224 /* Country+CoreDataProperties.swift in Sources */ = {isa = PBXBuildFile; fileRef = A2BF2E0D2AA1573E00526224 /* Country+CoreDataProperties.swift */; };
		A2BF2E122AA1573E00526224 /* Candy+CoreDataClass.swift in Sources */ = {isa = PBXBuildFile; fileRef = A2BF2E0E2AA1573E00526224 /* Candy+CoreDataClass.swift */; };
		A2BF2E132AA1573E00526224 /* Candy+CoreDataProperties.swift in Sources */ = {isa = PBXBuildFile; fileRef = A2BF2E0F2AA1573E00526224 /* Candy+CoreDataProperties.swift */; };
/* End PBXBuildFile section */

/* Begin PBXFileReference section */
		A28185E72A9EE8C1007ACE71 /* Movie+CoreDataClass.swift */ = {isa = PBXFileReference; lastKnownFileType = sourcecode.swift; path = "Movie+CoreDataClass.swift"; sourceTree = SOURCE_ROOT; };
		A28185E82A9EE8C1007ACE71 /* Movie+CoreDataProperties.swift */ = {isa = PBXFileReference; lastKnownFileType = sourcecode.swift; path = "Movie+CoreDataProperties.swift"; sourceTree = SOURCE_ROOT; };
		A28AF53B2A9E964D00D55BC6 /* CoreDataProject.app */ = {isa = PBXFileReference; explicitFileType = wrapper.application; includeInIndex = 0; path = CoreDataProject.app; sourceTree = BUILT_PRODUCTS_DIR; };
		A28AF53E2A9E964D00D55BC6 /* CoreDataProjectApp.swift */ = {isa = PBXFileReference; lastKnownFileType = sourcecode.swift; path = CoreDataProjectApp.swift; sourceTree = "<group>"; };
		A28AF5402A9E964D00D55BC6 /* ContentView.swift */ = {isa = PBXFileReference; lastKnownFileType = sourcecode.swift; path = ContentView.swift; sourceTree = "<group>"; };
		A28AF5422A9E964E00D55BC6 /* Assets.xcassets */ = {isa = PBXFileReference; lastKnownFileType = folder.assetcatalog; path = Assets.xcassets; sourceTree = "<group>"; };
		A28AF5452A9E964E00D55BC6 /* Preview Assets.xcassets */ = {isa = PBXFileReference; lastKnownFileType = folder.assetcatalog; path = "Preview Assets.xcassets"; sourceTree = "<group>"; };
		A28AF54C2A9E975B00D55BC6 /* DataController.swift */ = {isa = PBXFileReference; lastKnownFileType = sourcecode.swift; path = DataController.swift; sourceTree = "<group>"; };
		A28AF54F2A9E979800D55BC6 /* CoreDataProject.xcdatamodel */ = {isa = PBXFileReference; lastKnownFileType = wrapper.xcdatamodel; path = CoreDataProject.xcdatamodel; sourceTree = "<group>"; };
		A2BF2E062AA0EF4B00526224 /* Singer+CoreDataClass.swift */ = {isa = PBXFileReference; lastKnownFileType = sourcecode.swift; path = "Singer+CoreDataClass.swift"; sourceTree = "<group>"; };
		A2BF2E072AA0EF4B00526224 /* Singer+CoreDataProperties.swift */ = {isa = PBXFileReference; lastKnownFileType = sourcecode.swift; path = "Singer+CoreDataProperties.swift"; sourceTree = "<group>"; };
		A2BF2E0A2AA0F23000526224 /* FilteredList.swift */ = {isa = PBXFileReference; lastKnownFileType = sourcecode.swift; path = FilteredList.swift; sourceTree = "<group>"; };
		A2BF2E0C2AA1573E00526224 /* Country+CoreDataClass.swift */ = {isa = PBXFileReference; lastKnownFileType = sourcecode.swift; path = "Country+CoreDataClass.swift"; sourceTree = "<group>"; };
		A2BF2E0D2AA1573E00526224 /* Country+CoreDataProperties.swift */ = {isa = PBXFileReference; lastKnownFileType = sourcecode.swift; path = "Country+CoreDataProperties.swift"; sourceTree = "<group>"; };
		A2BF2E0E2AA1573E00526224 /* Candy+CoreDataClass.swift */ = {isa = PBXFileReference; lastKnownFileType = sourcecode.swift; path = "Candy+CoreDataClass.swift"; sourceTree = "<group>"; };
		A2BF2E0F2AA1573E00526224 /* Candy+CoreDataProperties.swift */ = {isa = PBXFileReference; lastKnownFileType = sourcecode.swift; path = "Candy+CoreDataProperties.swift"; sourceTree = "<group>"; };
/* End PBXFileReference section */

/* Begin PBXFrameworksBuildPhase section */
		A28AF5382A9E964D00D55BC6 /* Frameworks */ = {
			isa = PBXFrameworksBuildPhase;
			buildActionMask = 2147483647;
			files = (
			);
			runOnlyForDeploymentPostprocessing = 0;
		};
/* End PBXFrameworksBuildPhase section */

/* Begin PBXGroup section */
		A28AF5322A9E964C00D55BC6 = {
			isa = PBXGroup;
			children = (
				A28AF53D2A9E964D00D55BC6 /* CoreDataProject */,
				A28AF53C2A9E964D00D55BC6 /* Products */,
			);
			sourceTree = "<group>";
		};
		A28AF53C2A9E964D00D55BC6 /* Products */ = {
			isa = PBXGroup;
			children = (
				A28AF53B2A9E964D00D55BC6 /* CoreDataProject.app */,
			);
			name = Products;
			sourceTree = "<group>";
		};
		A28AF53D2A9E964D00D55BC6 /* CoreDataProject */ = {
			isa = PBXGroup;
			children = (
				A2BF2E0C2AA1573E00526224 /* Country+CoreDataClass.swift */,
				A2BF2E0D2AA1573E00526224 /* Country+CoreDataProperties.swift */,
				A2BF2E0E2AA1573E00526224 /* Candy+CoreDataClass.swift */,
				A2BF2E0F2AA1573E00526224 /* Candy+CoreDataProperties.swift */,
				A2BF2E062AA0EF4B00526224 /* Singer+CoreDataClass.swift */,
				A2BF2E072AA0EF4B00526224 /* Singer+CoreDataProperties.swift */,
				A28185E72A9EE8C1007ACE71 /* Movie+CoreDataClass.swift */,
				A28185E82A9EE8C1007ACE71 /* Movie+CoreDataProperties.swift */,
				A28AF53E2A9E964D00D55BC6 /* CoreDataProjectApp.swift */,
				A28AF5402A9E964D00D55BC6 /* ContentView.swift */,
				A2BF2E0A2AA0F23000526224 /* FilteredList.swift */,
				A28AF54C2A9E975B00D55BC6 /* DataController.swift */,
				A28AF54E2A9E979800D55BC6 /* CoreDataProject.xcdatamodeld */,
				A28AF5422A9E964E00D55BC6 /* Assets.xcassets */,
				A28AF5442A9E964E00D55BC6 /* Preview Content */,
			);
			path = CoreDataProject;
			sourceTree = "<group>";
		};
		A28AF5442A9E964E00D55BC6 /* Preview Content */ = {
			isa = PBXGroup;
			children = (
				A28AF5452A9E964E00D55BC6 /* Preview Assets.xcassets */,
			);
			path = "Preview Content";
			sourceTree = "<group>";
		};
/* End PBXGroup section */

/* Begin PBXNativeTarget section */
		A28AF53A2A9E964D00D55BC6 /* CoreDataProject */ = {
			isa = PBXNativeTarget;
			buildConfigurationList = A28AF5492A9E964E00D55BC6 /* Build configuration list for PBXNativeTarget "CoreDataProject" */;
			buildPhases = (
				A28AF5372A9E964D00D55BC6 /* Sources */,
				A28AF5382A9E964D00D55BC6 /* Frameworks */,
				A28AF5392A9E964D00D55BC6 /* Resources */,
			);
			buildRules = (
			);
			dependencies = (
			);
			name = CoreDataProject;
			productName = CoreDataProject;
			productReference = A28AF53B2A9E964D00D55BC6 /* CoreDataProject.app */;
			productType = "com.apple.product-type.application";
		};
/* End PBXNativeTarget section */

/* Begin PBXProject section */
		A28AF5332A9E964C00D55BC6 /* Project object */ = {
			isa = PBXProject;
			attributes = {
				BuildIndependentTargetsInParallel = 1;
				LastSwiftUpdateCheck = 1430;
				LastUpgradeCheck = 1430;
				TargetAttributes = {
					A28AF53A2A9E964D00D55BC6 = {
						CreatedOnToolsVersion = 14.3.1;
					};
				};
			};
			buildConfigurationList = A28AF5362A9E964C00D55BC6 /* Build configuration list for PBXProject "CoreDataProject" */;
			compatibilityVersion = "Xcode 14.0";
			developmentRegion = en;
			hasScannedForEncodings = 0;
			knownRegions = (
				en,
				Base,
			);
			mainGroup = A28AF5322A9E964C00D55BC6;
			productRefGroup = A28AF53C2A9E964D00D55BC6 /* Products */;
			projectDirPath = "";
			projectRoot = "";
			targets = (
				A28AF53A2A9E964D00D55BC6 /* CoreDataProject */,
			);
		};
/* End PBXProject section */

/* Begin PBXResourcesBuildPhase section */
		A28AF5392A9E964D00D55BC6 /* Resources */ = {
			isa = PBXResourcesBuildPhase;
			buildActionMask = 2147483647;
			files = (
				A28AF5462A9E964E00D55BC6 /* Preview Assets.xcassets in Resources */,
				A28AF5432A9E964E00D55BC6 /* Assets.xcassets in Resources */,
			);
			runOnlyForDeploymentPostprocessing = 0;
		};
/* End PBXResourcesBuildPhase section */

/* Begin PBXSourcesBuildPhase section */
		A28AF5372A9E964D00D55BC6 /* Sources */ = {
			isa = PBXSourcesBuildPhase;
			buildActionMask = 2147483647;
			files = (
				A2BF2E082AA0EF4B00526224 /* Singer+CoreDataClass.swift in Sources */,
				A28AF5412A9E964D00D55BC6 /* ContentView.swift in Sources */,
				A2BF2E0B2AA0F23000526224 /* FilteredList.swift in Sources */,
				A28AF54D2A9E975B00D55BC6 /* DataController.swift in Sources */,
				A28AF5502A9E979800D55BC6 /* CoreDataProject.xcdatamodeld in Sources */,
				A2BF2E132AA1573E00526224 /* Candy+CoreDataProperties.swift in Sources */,
				A28185E92A9EE8C1007ACE71 /* Movie+CoreDataClass.swift in Sources */,
				A2BF2E112AA1573E00526224 /* Country+CoreDataProperties.swift in Sources */,
				A2BF2E092AA0EF4B00526224 /* Singer+CoreDataProperties.swift in Sources */,
				A28185EA2A9EE8C1007ACE71 /* Movie+CoreDataProperties.swift in Sources */,
				A2BF2E102AA1573E00526224 /* Country+CoreDataClass.swift in Sources */,
				A28AF53F2A9E964D00D55BC6 /* CoreDataProjectApp.swift in Sources */,
				A2BF2E122AA1573E00526224 /* Candy+CoreDataClass.swift in Sources */,
			);
			runOnlyForDeploymentPostprocessing = 0;
		};
/* End PBXSourcesBuildPhase section */

/* Begin XCBuildConfiguration section */
		A28AF5472A9E964E00D55BC6 /* Debug */ = {
			isa = XCBuildConfiguration;
			buildSettings = {
				ALWAYS_SEARCH_USER_PATHS = NO;
				CLANG_ANALYZER_NONNULL = YES;
				CLANG_ANALYZER_NUMBER_OBJECT_CONVERSION = YES_AGGRESSIVE;
				CLANG_CXX_LANGUAGE_STANDARD = "gnu++20";
				CLANG_ENABLE_MODULES = YES;
				CLANG_ENABLE_OBJC_ARC = YES;
				CLANG_ENABLE_OBJC_WEAK = YES;
				CLANG_WARN_BLOCK_CAPTURE_AUTORELEASING = YES;
				CLANG_WARN_BOOL_CONVERSION = YES;
				CLANG_WARN_COMMA = YES;
				CLANG_WARN_CONSTANT_CONVERSION = YES;
				CLANG_WARN_DEPRECATED_OBJC_IMPLEMENTATIONS = YES;
				CLANG_WARN_DIRECT_OBJC_ISA_USAGE = YES_ERROR;
				CLANG_WARN_DOCUMENTATION_COMMENTS = YES;
				CLANG_WARN_EMPTY_BODY = YES;
				CLANG_WARN_ENUM_CONVERSION = YES;
				CLANG_WARN_INFINITE_RECURSION = YES;
				CLANG_WARN_INT_CONVERSION = YES;
				CLANG_WARN_NON_LITERAL_NULL_CONVERSION = YES;
				CLANG_WARN_OBJC_IMPLICIT_RETAIN_SELF = YES;
				CLANG_WARN_OBJC_LITERAL_CONVERSION = YES;
				CLANG_WARN_OBJC_ROOT_CLASS = YES_ERROR;
				CLANG_WARN_QUOTED_INCLUDE_IN_FRAMEWORK_HEADER = YES;
				CLANG_WARN_RANGE_LOOP_ANALYSIS = YES;
				CLANG_WARN_STRICT_PROTOTYPES = YES;
				CLANG_WARN_SUSPICIOUS_MOVE = YES;
				CLANG_WARN_UNGUARDED_AVAILABILITY = YES_AGGRESSIVE;
				CLANG_WARN_UNREACHABLE_CODE = YES;
				CLANG_WARN__DUPLICATE_METHOD_MATCH = YES;
				COPY_PHASE_STRIP = NO;
				DEBUG_INFORMATION_FORMAT = dwarf;
				ENABLE_STRICT_OBJC_MSGSEND = YES;
				ENABLE_TESTABILITY = YES;
				GCC_C_LANGUAGE_STANDARD = gnu11;
				GCC_DYNAMIC_NO_PIC = NO;
				GCC_NO_COMMON_BLOCKS = YES;
				GCC_OPTIMIZATION_LEVEL = 0;
				GCC_PREPROCESSOR_DEFINITIONS = (
					"DEBUG=1",
					"$(inherited)",
				);
				GCC_WARN_64_TO_32_BIT_CONVERSION = YES;
				GCC_WARN_ABOUT_RETURN_TYPE = YES_ERROR;
				GCC_WARN_UNDECLARED_SELECTOR = YES;
				GCC_WARN_UNINITIALIZED_AUTOS = YES_AGGRESSIVE;
				GCC_WARN_UNUSED_FUNCTION = YES;
				GCC_WARN_UNUSED_VARIABLE = YES;
				IPHONEOS_DEPLOYMENT_TARGET = 16.4;
				MTL_ENABLE_DEBUG_INFO = INCLUDE_SOURCE;
				MTL_FAST_MATH = YES;
				ONLY_ACTIVE_ARCH = YES;
				SDKROOT = iphoneos;
				SWIFT_ACTIVE_COMPILATION_CONDITIONS = DEBUG;
				SWIFT_OPTIMIZATION_LEVEL = "-Onone";
			};
			name = Debug;
		};
		A28AF5482A9E964E00D55BC6 /* Release */ = {
			isa = XCBuildConfiguration;
			buildSettings = {
				ALWAYS_SEARCH_USER_PATHS = NO;
				CLANG_ANALYZER_NONNULL = YES;
				CLANG_ANALYZER_NUMBER_OBJECT_CONVERSION = YES_AGGRESSIVE;
				CLANG_CXX_LANGUAGE_STANDARD = "gnu++20";
				CLANG_ENABLE_MODULES = YES;
				CLANG_ENABLE_OBJC_ARC = YES;
				CLANG_ENABLE_OBJC_WEAK = YES;
				CLANG_WARN_BLOCK_CAPTURE_AUTORELEASING = YES;
				CLANG_WARN_BOOL_CONVERSION = YES;
				CLANG_WARN_COMMA = YES;
				CLANG_WARN_CONSTANT_CONVERSION = YES;
				CLANG_WARN_DEPRECATED_OBJC_IMPLEMENTATIONS = YES;
				CLANG_WARN_DIRECT_OBJC_ISA_USAGE = YES_ERROR;
				CLANG_WARN_DOCUMENTATION_COMMENTS = YES;
				CLANG_WARN_EMPTY_BODY = YES;
				CLANG_WARN_ENUM_CONVERSION = YES;
				CLANG_WARN_INFINITE_RECURSION = YES;
				CLANG_WARN_INT_CONVERSION = YES;
				CLANG_WARN_NON_LITERAL_NULL_CONVERSION = YES;
				CLANG_WARN_OBJC_IMPLICIT_RETAIN_SELF = YES;
				CLANG_WARN_OBJC_LITERAL_CONVERSION = YES;
				CLANG_WARN_OBJC_ROOT_CLASS = YES_ERROR;
				CLANG_WARN_QUOTED_INCLUDE_IN_FRAMEWORK_HEADER = YES;
				CLANG_WARN_RANGE_LOOP_ANALYSIS = YES;
				CLANG_WARN_STRICT_PROTOTYPES = YES;
				CLANG_WARN_SUSPICIOUS_MOVE = YES;
				CLANG_WARN_UNGUARDED_AVAILABILITY = YES_AGGRESSIVE;
				CLANG_WARN_UNREACHABLE_CODE = YES;
				CLANG_WARN__DUPLICATE_METHOD_MATCH = YES;
				COPY_PHASE_STRIP = NO;
				DEBUG_INFORMATION_FORMAT = "dwarf-with-dsym";
				ENABLE_NS_ASSERTIONS = NO;
				ENABLE_STRICT_OBJC_MSGSEND = YES;
				GCC_C_LANGUAGE_STANDARD = gnu11;
				GCC_NO_COMMON_BLOCKS = YES;
				GCC_WARN_64_TO_32_BIT_CONVERSION = YES;
				GCC_WARN_ABOUT_RETURN_TYPE = YES_ERROR;
				GCC_WARN_UNDECLARED_SELECTOR = YES;
				GCC_WARN_UNINITIALIZED_AUTOS = YES_AGGRESSIVE;
				GCC_WARN_UNUSED_FUNCTION = YES;
				GCC_WARN_UNUSED_VARIABLE = YES;
				IPHONEOS_DEPLOYMENT_TARGET = 16.4;
				MTL_ENABLE_DEBUG_INFO = NO;
				MTL_FAST_MATH = YES;
				SDKROOT = iphoneos;
				SWIFT_COMPILATION_MODE = wholemodule;
				SWIFT_OPTIMIZATION_LEVEL = "-O";
				VALIDATE_PRODUCT = YES;
			};
			name = Release;
		};
		A28AF54A2A9E964E00D55BC6 /* Debug */ = {
			isa = XCBuildConfiguration;
			buildSettings = {
				ASSETCATALOG_COMPILER_APPICON_NAME = AppIcon;
				ASSETCATALOG_COMPILER_GLOBAL_ACCENT_COLOR_NAME = AccentColor;
				CODE_SIGN_STYLE = Automatic;
				CURRENT_PROJECT_VERSION = 1;
				DEVELOPMENT_ASSET_PATHS = "\"CoreDataProject/Preview Content\"";
				DEVELOPMENT_TEAM = 5B8WS3LB9R;
				ENABLE_PREVIEWS = YES;
				GENERATE_INFOPLIST_FILE = YES;
				INFOPLIST_KEY_UIApplicationSceneManifest_Generation = YES;
				INFOPLIST_KEY_UIApplicationSupportsIndirectInputEvents = YES;
				INFOPLIST_KEY_UILaunchScreen_Generation = YES;
				INFOPLIST_KEY_UISupportedInterfaceOrientations_iPad = "UIInterfaceOrientationPortrait UIInterfaceOrientationPortraitUpsideDown UIInterfaceOrientationLandscapeLeft UIInterfaceOrientationLandscapeRight";
				INFOPLIST_KEY_UISupportedInterfaceOrientations_iPhone = "UIInterfaceOrientationPortrait UIInterfaceOrientationLandscapeLeft UIInterfaceOrientationLandscapeRight";
				LD_RUNPATH_SEARCH_PATHS = (
					"$(inherited)",
					"@executable_path/Frameworks",
				);
				MARKETING_VERSION = 1.0;
				PRODUCT_BUNDLE_IDENTIFIER = com.mlwelker.CoreDataProject;
				PRODUCT_NAME = "$(TARGET_NAME)";
				SWIFT_EMIT_LOC_STRINGS = YES;
				SWIFT_VERSION = 5.0;
				TARGETED_DEVICE_FAMILY = "1,2";
			};
			name = Debug;
		};
		A28AF54B2A9E964E00D55BC6 /* Release */ = {
			isa = XCBuildConfiguration;
			buildSettings = {
				ASSETCATALOG_COMPILER_APPICON_NAME = AppIcon;
				ASSETCATALOG_COMPILER_GLOBAL_ACCENT_COLOR_NAME = AccentColor;
				CODE_SIGN_STYLE = Automatic;
				CURRENT_PROJECT_VERSION = 1;
				DEVELOPMENT_ASSET_PATHS = "\"CoreDataProject/Preview Content\"";
				DEVELOPMENT_TEAM = 5B8WS3LB9R;
				ENABLE_PREVIEWS = YES;
				GENERATE_INFOPLIST_FILE = YES;
				INFOPLIST_KEY_UIApplicationSceneManifest_Generation = YES;
				INFOPLIST_KEY_UIApplicationSupportsIndirectInputEvents = YES;
				INFOPLIST_KEY_UILaunchScreen_Generation = YES;
				INFOPLIST_KEY_UISupportedInterfaceOrientations_iPad = "UIInterfaceOrientationPortrait UIInterfaceOrientationPortraitUpsideDown UIInterfaceOrientationLandscapeLeft UIInterfaceOrientationLandscapeRight";
				INFOPLIST_KEY_UISupportedInterfaceOrientations_iPhone = "UIInterfaceOrientationPortrait UIInterfaceOrientationLandscapeLeft UIInterfaceOrientationLandscapeRight";
				LD_RUNPATH_SEARCH_PATHS = (
					"$(inherited)",
					"@executable_path/Frameworks",
				);
				MARKETING_VERSION = 1.0;
				PRODUCT_BUNDLE_IDENTIFIER = com.mlwelker.CoreDataProject;
				PRODUCT_NAME = "$(TARGET_NAME)";
				SWIFT_EMIT_LOC_STRINGS = YES;
				SWIFT_VERSION = 5.0;
				TARGETED_DEVICE_FAMILY = "1,2";
			};
			name = Release;
		};
/* End XCBuildConfiguration section */

/* Begin XCConfigurationList section */
		A28AF5362A9E964C00D55BC6 /* Build configuration list for PBXProject "CoreDataProject" */ = {
			isa = XCConfigurationList;
			buildConfigurations = (
				A28AF5472A9E964E00D55BC6 /* Debug */,
				A28AF5482A9E964E00D55BC6 /* Release */,
			);
			defaultConfigurationIsVisible = 0;
			defaultConfigurationName = Release;
		};
		A28AF5492A9E964E00D55BC6 /* Build configuration list for PBXNativeTarget "CoreDataProject" */ = {
			isa = XCConfigurationList;
			buildConfigurations = (
				A28AF54A2A9E964E00D55BC6 /* Debug */,
				A28AF54B2A9E964E00D55BC6 /* Release */,
			);
			defaultConfigurationIsVisible = 0;
			defaultConfigurationName = Release;
		};
/* End XCConfigurationList section */

/* Begin XCVersionGroup section */
		A28AF54E2A9E979800D55BC6 /* CoreDataProject.xcdatamodeld */ = {
			isa = XCVersionGroup;
			children = (
				A28AF54F2A9E979800D55BC6 /* CoreDataProject.xcdatamodel */,
			);
			currentVersion = A28AF54F2A9E979800D55BC6 /* CoreDataProject.xcdatamodel */;
			path = CoreDataProject.xcdatamodeld;
			sourceTree = "<group>";
			versionGroupType = wrapper.xcdatamodel;
		};
/* End XCVersionGroup section */
	};
	rootObject = A28AF5332A9E964C00D55BC6 /* Project object */;
}
